    ~/Pr/data-engineering-zoomcamp/01/1/t/terraform_basic    main !1  terraform apply                                                  1 ✘  4s   15:26:17 
google_bigquery_dataset.dataset: Refreshing state... [id=projects/unique-alpha-411912/datasets/TheDatasetNameYouWanttoUse]

Terraform used the selected providers to generate the following execution plan. Resource actions are indicated with the following symbols:
  + create

Terraform will perform the following actions:

  # google_storage_bucket.data-lake-bucket will be created
  + resource "google_storage_bucket" "data-lake-bucket" {
      + force_destroy               = true
      + id                          = (known after apply)
      + location                    = "US"
      + name                        = "ourniqueucketame"
      + project                     = (known after apply)
      + public_access_prevention    = (known after apply)
      + self_link                   = (known after apply)
      + storage_class               = "STANDARD"
      + uniform_bucket_level_access = true
      + url                         = (known after apply)

      + lifecycle_rule {
          + action {
              + type = "Delete"
            }
          + condition {
              + age                   = 30
              + matches_prefix        = []
              + matches_storage_class = []
              + matches_suffix        = []
              + with_state            = (known after apply)
            }
        }

      + versioning {
          + enabled = true
        }
    }

Plan: 1 to add, 0 to change, 0 to destroy.

Do you want to perform these actions?
  Terraform will perform the actions described above.
  Only 'yes' will be accepted to approve.

  Enter a value: yes

google_storage_bucket.data-lake-bucket: Creating...
google_storage_bucket.data-lake-bucket: Creation complete after 2s [id=ourniqueucketame]

Apply complete! Resources: 1 added, 0 changed, 0 destroyed.